
Microsoft Visual Studio Solution File, Format Version 12.00
# Visual Studio 14
VisualStudioVersion = 14.0.25420.1
MinimumVisualStudioVersion = 10.0.40219.1
Project("{FAE04EC0-301F-11D3-BF4B-00C04F79EFBC}") = "CompareTxtXml", "CompareTxtXml\CompareTxtXml.csproj", "{633A5B71-1BD9-442E-A894-83514B7B702D}"
EndProject
Global
	GlobalSection(SolutionConfigurationPlatforms) = preSolution
		Debug|Any CPU = Debug|Any CPU
		Release|Any CPU = Release|Any CPU
	EndGlobalSection
	GlobalSection(ProjectConfigurationPlatforms) = postSolution
		{633A5B71-1BD9-442E-A894-83514B7B702D}.Debug|Any CPU.ActiveCfg = Debug|Any CPU
		{633A5B71-1BD9-442E-A894-83514B7B702D}.Debug|Any CPU.Build.0 = Debug|Any CPU
		{633A5B71-1BD9-442E-A894-83514B7B702D}.Release|Any CPU.ActiveCfg = Release|Any CPU
		{633A5B71-1BD9-442E-A894-83514B7B702D}.Release|Any CPU.Build.0 = Release|Any CPU
	EndGlobalSection
	GlobalSection(SolutionProperties) = preSolution
		HideSolutionNode = FALSE
	EndGlobalSection
EndGlobal
